// !$*UTF8*$!
{
	archiveVersion = 1;
	classes = {
	};
	objectVersion = 46;
	objects = {

/* Begin PBXBuildFile section */
		4920C3891B300B68007CE614 /* office.png in Resources */ = {isa = PBXBuildFile; fileRef = 4920C3881B300B68007CE614 /* office.png */; };
		493430991B28779D0053FF3A /* AppDelegate.swift in Sources */ = {isa = PBXBuildFile; fileRef = 493430981B28779D0053FF3A /* AppDelegate.swift */; };
		4934309B1B28779D0053FF3A /* ViewController.swift in Sources */ = {isa = PBXBuildFile; fileRef = 4934309A1B28779D0053FF3A /* ViewController.swift */; };
		4934309E1B28779D0053FF3A /* Main.storyboard in Resources */ = {isa = PBXBuildFile; fileRef = 4934309C1B28779D0053FF3A /* Main.storyboard */; };
		493430A01B28779D0053FF3A /* Images.xcassets in Resources */ = {isa = PBXBuildFile; fileRef = 4934309F1B28779D0053FF3A /* Images.xcassets */; };
		493430A31B28779D0053FF3A /* LaunchScreen.xib in Resources */ = {isa = PBXBuildFile; fileRef = 493430A11B28779D0053FF3A /* LaunchScreen.xib */; };
		493430AF1B28779D0053FF3A /* BookMyMeetingTests.swift in Sources */ = {isa = PBXBuildFile; fileRef = 493430AE1B28779D0053FF3A /* BookMyMeetingTests.swift */; };
		495AFA4B1B3938DE00373129 /* AVOSCloud.framework in Frameworks */ = {isa = PBXBuildFile; fileRef = 495AFA4A1B3938DE00373129 /* AVOSCloud.framework */; };
		495AFA4D1B393EB500373129 /* Pods.framework in Frameworks */ = {isa = PBXBuildFile; fileRef = 495AFA4C1B393EB500373129 /* Pods.framework */; };
/* End PBXBuildFile section */

/* Begin PBXContainerItemProxy section */
		493430A91B28779D0053FF3A /* PBXContainerItemProxy */ = {
			isa = PBXContainerItemProxy;
			containerPortal = 4934308B1B28779D0053FF3A /* Project object */;
			proxyType = 1;
			remoteGlobalIDString = 493430921B28779D0053FF3A;
			remoteInfo = BookMyMeeting;
		};
/* End PBXContainerItemProxy section */

/* Begin PBXFileReference section */
		4920C3881B300B68007CE614 /* office.png */ = {isa = PBXFileReference; lastKnownFileType = image.png; path = office.png; sourceTree = "<group>"; };
		493430931B28779D0053FF3A /* BookMyMeeting.app */ = {isa = PBXFileReference; explicitFileType = wrapper.application; includeInIndex = 0; path = BookMyMeeting.app; sourceTree = BUILT_PRODUCTS_DIR; };
		493430971B28779D0053FF3A /* Info.plist */ = {isa = PBXFileReference; lastKnownFileType = text.plist.xml; path = Info.plist; sourceTree = "<group>"; };
		493430981B28779D0053FF3A /* AppDelegate.swift */ = {isa = PBXFileReference; lastKnownFileType = sourcecode.swift; path = AppDelegate.swift; sourceTree = "<group>"; };
		4934309A1B28779D0053FF3A /* ViewController.swift */ = {isa = PBXFileReference; lastKnownFileType = sourcecode.swift; path = ViewController.swift; sourceTree = "<group>"; };
		4934309D1B28779D0053FF3A /* Base */ = {isa = PBXFileReference; lastKnownFileType = file.storyboard; name = Base; path = Base.lproj/Main.storyboard; sourceTree = "<group>"; };
		4934309F1B28779D0053FF3A /* Images.xcassets */ = {isa = PBXFileReference; lastKnownFileType = folder.assetcatalog; path = Images.xcassets; sourceTree = "<group>"; };
		493430A21B28779D0053FF3A /* Base */ = {isa = PBXFileReference; lastKnownFileType = file.xib; name = Base; path = Base.lproj/LaunchScreen.xib; sourceTree = "<group>"; };
		493430A81B28779D0053FF3A /* BookMyMeetingTests.xctest */ = {isa = PBXFileReference; explicitFileType = wrapper.cfbundle; includeInIndex = 0; path = BookMyMeetingTests.xctest; sourceTree = BUILT_PRODUCTS_DIR; };
		493430AD1B28779D0053FF3A /* Info.plist */ = {isa = PBXFileReference; lastKnownFileType = text.plist.xml; path = Info.plist; sourceTree = "<group>"; };
		493430AE1B28779D0053FF3A /* BookMyMeetingTests.swift */ = {isa = PBXFileReference; lastKnownFileType = sourcecode.swift; path = BookMyMeetingTests.swift; sourceTree = "<group>"; };
		495AFA3E1B39378800373129 /* AVOSCloud.framework */ = {isa = PBXFileReference; lastKnownFileType = wrapper.framework; name = AVOSCloud.framework; path = "Pods/../build/Debug-iphoneos/Pods/AVOSCloud.framework"; sourceTree = "<group>"; };
		495AFA401B39384000373129 /* SystemConfiguration.framework */ = {isa = PBXFileReference; lastKnownFileType = wrapper.framework; name = SystemConfiguration.framework; path = System/Library/Frameworks/SystemConfiguration.framework; sourceTree = SDKROOT; };
		495AFA421B39385200373129 /* MobileCoreServices.framework */ = {isa = PBXFileReference; lastKnownFileType = wrapper.framework; name = MobileCoreServices.framework; path = System/Library/Frameworks/MobileCoreServices.framework; sourceTree = SDKROOT; };
		495AFA441B39386300373129 /* CoreTelephony.framework */ = {isa = PBXFileReference; lastKnownFileType = wrapper.framework; name = CoreTelephony.framework; path = System/Library/Frameworks/CoreTelephony.framework; sourceTree = SDKROOT; };
		495AFA461B39387100373129 /* CoreLocation.framework */ = {isa = PBXFileReference; lastKnownFileType = wrapper.framework; name = CoreLocation.framework; path = System/Library/Frameworks/CoreLocation.framework; sourceTree = SDKROOT; };
		495AFA481B39388500373129 /* libicucore.dylib */ = {isa = PBXFileReference; lastKnownFileType = "compiled.mach-o.dylib"; name = libicucore.dylib; path = usr/lib/libicucore.dylib; sourceTree = SDKROOT; };
		495AFA4A1B3938DE00373129 /* AVOSCloud.framework */ = {isa = PBXFileReference; lastKnownFileType = wrapper.framework; name = AVOSCloud.framework; path = "Pods/../build/Debug-iphoneos/Pods/AVOSCloud.framework"; sourceTree = "<group>"; };
		495AFA4C1B393EB500373129 /* Pods.framework */ = {isa = PBXFileReference; lastKnownFileType = wrapper.framework; name = Pods.framework; path = "Pods/../build/Debug-iphoneos/Pods.framework"; sourceTree = "<group>"; };
		5BA18ECB5884553070CA5BFD /* Pods.release.xcconfig */ = {isa = PBXFileReference; includeInIndex = 1; lastKnownFileType = text.xcconfig; name = Pods.release.xcconfig; path = "Pods/Target Support Files/Pods/Pods.release.xcconfig"; sourceTree = "<group>"; };
		B32F7347C37163DF3B32F3C1 /* Pods.framework */ = {isa = PBXFileReference; explicitFileType = wrapper.framework; includeInIndex = 0; path = Pods.framework; sourceTree = BUILT_PRODUCTS_DIR; };
		E1953DA6A5ACDF8ADD9B1B3B /* Pods.debug.xcconfig */ = {isa = PBXFileReference; includeInIndex = 1; lastKnownFileType = text.xcconfig; name = Pods.debug.xcconfig; path = "Pods/Target Support Files/Pods/Pods.debug.xcconfig"; sourceTree = "<group>"; };
/* End PBXFileReference section */

/* Begin PBXFrameworksBuildPhase section */
		493430901B28779D0053FF3A /* Frameworks */ = {
			isa = PBXFrameworksBuildPhase;
			buildActionMask = 2147483647;
			files = (
				495AFA4D1B393EB500373129 /* Pods.framework in Frameworks */,
				495AFA4B1B3938DE00373129 /* AVOSCloud.framework in Frameworks */,
			);
			runOnlyForDeploymentPostprocessing = 0;
		};
		493430A51B28779D0053FF3A /* Frameworks */ = {
			isa = PBXFrameworksBuildPhase;
			buildActionMask = 2147483647;
			files = (
			);
			runOnlyForDeploymentPostprocessing = 0;
		};
/* End PBXFrameworksBuildPhase section */

/* Begin PBXGroup section */
		1DBAA7D55EACA44B677CAC5B /* Frameworks */ = {
			isa = PBXGroup;
			children = (
				495AFA4C1B393EB500373129 /* Pods.framework */,
				495AFA4A1B3938DE00373129 /* AVOSCloud.framework */,
				495AFA481B39388500373129 /* libicucore.dylib */,
				495AFA461B39387100373129 /* CoreLocation.framework */,
				495AFA441B39386300373129 /* CoreTelephony.framework */,
				495AFA421B39385200373129 /* MobileCoreServices.framework */,
				495AFA401B39384000373129 /* SystemConfiguration.framework */,
				495AFA3E1B39378800373129 /* AVOSCloud.framework */,
				B32F7347C37163DF3B32F3C1 /* Pods.framework */,
			);
			name = Frameworks;
			sourceTree = "<group>";
		};
		4934308A1B28779D0053FF3A = {
			isa = PBXGroup;
			children = (
				493430951B28779D0053FF3A /* BookMyMeeting */,
				493430AB1B28779D0053FF3A /* BookMyMeetingTests */,
				493430941B28779D0053FF3A /* Products */,
				D0E1075343B0DE0407693309 /* Pods */,
				1DBAA7D55EACA44B677CAC5B /* Frameworks */,
			);
			sourceTree = "<group>";
		};
		493430941B28779D0053FF3A /* Products */ = {
			isa = PBXGroup;
			children = (
				493430931B28779D0053FF3A /* BookMyMeeting.app */,
				493430A81B28779D0053FF3A /* BookMyMeetingTests.xctest */,
			);
			name = Products;
			sourceTree = "<group>";
		};
		493430951B28779D0053FF3A /* BookMyMeeting */ = {
			isa = PBXGroup;
			children = (
				493430981B28779D0053FF3A /* AppDelegate.swift */,
				4934309A1B28779D0053FF3A /* ViewController.swift */,
				4934309C1B28779D0053FF3A /* Main.storyboard */,
				4934309F1B28779D0053FF3A /* Images.xcassets */,
				493430A11B28779D0053FF3A /* LaunchScreen.xib */,
				493430961B28779D0053FF3A /* Supporting Files */,
			);
			path = BookMyMeeting;
			sourceTree = "<group>";
		};
		493430961B28779D0053FF3A /* Supporting Files */ = {
			isa = PBXGroup;
			children = (
				4920C3881B300B68007CE614 /* office.png */,
				493430971B28779D0053FF3A /* Info.plist */,
			);
			name = "Supporting Files";
			sourceTree = "<group>";
		};
		493430AB1B28779D0053FF3A /* BookMyMeetingTests */ = {
			isa = PBXGroup;
			children = (
				493430AE1B28779D0053FF3A /* BookMyMeetingTests.swift */,
				493430AC1B28779D0053FF3A /* Supporting Files */,
			);
			path = BookMyMeetingTests;
			sourceTree = "<group>";
		};
		493430AC1B28779D0053FF3A /* Supporting Files */ = {
			isa = PBXGroup;
			children = (
				493430AD1B28779D0053FF3A /* Info.plist */,
			);
			name = "Supporting Files";
			sourceTree = "<group>";
		};
		D0E1075343B0DE0407693309 /* Pods */ = {
			isa = PBXGroup;
			children = (
				E1953DA6A5ACDF8ADD9B1B3B /* Pods.debug.xcconfig */,
				5BA18ECB5884553070CA5BFD /* Pods.release.xcconfig */,
			);
			name = Pods;
			sourceTree = "<group>";
		};
/* End PBXGroup section */

/* Begin PBXNativeTarget section */
		493430921B28779D0053FF3A /* BookMyMeeting */ = {
			isa = PBXNativeTarget;
			buildConfigurationList = 493430B21B28779D0053FF3A /* Build configuration list for PBXNativeTarget "BookMyMeeting" */;
			buildPhases = (
				04B6ADD4B60E5561A71E2BB6 /* Check Pods Manifest.lock */,
				4934308F1B28779D0053FF3A /* Sources */,
				493430901B28779D0053FF3A /* Frameworks */,
				493430911B28779D0053FF3A /* Resources */,
				E75AB5F3F575A7EC67CD1289 /* Copy Pods Resources */,
				3D2C7FBC1377442A0158D531 /* Embed Pods Frameworks */,
			);
			buildRules = (
			);
			dependencies = (
			);
			name = BookMyMeeting;
			productName = BookMyMeeting;
			productReference = 493430931B28779D0053FF3A /* BookMyMeeting.app */;
			productType = "com.apple.product-type.application";
		};
		493430A71B28779D0053FF3A /* BookMyMeetingTests */ = {
			isa = PBXNativeTarget;
			buildConfigurationList = 493430B51B28779D0053FF3A /* Build configuration list for PBXNativeTarget "BookMyMeetingTests" */;
			buildPhases = (
				493430A41B28779D0053FF3A /* Sources */,
				493430A51B28779D0053FF3A /* Frameworks */,
				493430A61B28779D0053FF3A /* Resources */,
			);
			buildRules = (
			);
			dependencies = (
				493430AA1B28779D0053FF3A /* PBXTargetDependency */,
			);
			name = BookMyMeetingTests;
			productName = BookMyMeetingTests;
			productReference = 493430A81B28779D0053FF3A /* BookMyMeetingTests.xctest */;
			productType = "com.apple.product-type.bundle.unit-test";
		};
/* End PBXNativeTarget section */

/* Begin PBXProject section */
		4934308B1B28779D0053FF3A /* Project object */ = {
			isa = PBXProject;
			attributes = {
				LastUpgradeCheck = 0630;
				ORGANIZATIONNAME = leiyu;
				TargetAttributes = {
					493430921B28779D0053FF3A = {
						CreatedOnToolsVersion = 6.3.2;
					};
					493430A71B28779D0053FF3A = {
						CreatedOnToolsVersion = 6.3.2;
						TestTargetID = 493430921B28779D0053FF3A;
					};
				};
			};
			buildConfigurationList = 4934308E1B28779D0053FF3A /* Build configuration list for PBXProject "BookMyMeeting" */;
			compatibilityVersion = "Xcode 3.2";
			developmentRegion = English;
			hasScannedForEncodings = 0;
			knownRegions = (
				en,
				Base,
			);
			mainGroup = 4934308A1B28779D0053FF3A;
			productRefGroup = 493430941B28779D0053FF3A /* Products */;
			projectDirPath = "";
			projectRoot = "";
			targets = (
				493430921B28779D0053FF3A /* BookMyMeeting */,
				493430A71B28779D0053FF3A /* BookMyMeetingTests */,
			);
		};
/* End PBXProject section */

/* Begin PBXResourcesBuildPhase section */
		493430911B28779D0053FF3A /* Resources */ = {
			isa = PBXResourcesBuildPhase;
			buildActionMask = 2147483647;
			files = (
				4934309E1B28779D0053FF3A /* Main.storyboard in Resources */,
				4920C3891B300B68007CE614 /* office.png in Resources */,
				493430A31B28779D0053FF3A /* LaunchScreen.xib in Resources */,
				493430A01B28779D0053FF3A /* Images.xcassets in Resources */,
			);
			runOnlyForDeploymentPostprocessing = 0;
		};
		493430A61B28779D0053FF3A /* Resources */ = {
			isa = PBXResourcesBuildPhase;
			buildActionMask = 2147483647;
			files = (
			);
			runOnlyForDeploymentPostprocessing = 0;
		};
/* End PBXResourcesBuildPhase section */

/* Begin PBXShellScriptBuildPhase section */
		04B6ADD4B60E5561A71E2BB6 /* Check Pods Manifest.lock */ = {
			isa = PBXShellScriptBuildPhase;
			buildActionMask = 2147483647;
			files = (
			);
			inputPaths = (
			);
			name = "Check Pods Manifest.lock";
			outputPaths = (
			);
			runOnlyForDeploymentPostprocessing = 0;
			shellPath = /bin/sh;
			shellScript = "diff \"${PODS_ROOT}/../Podfile.lock\" \"${PODS_ROOT}/Manifest.lock\" > /dev/null\nif [[ $? != 0 ]] ; then\n    cat << EOM\nerror: The sandbox is not in sync with the Podfile.lock. Run 'pod install' or update your CocoaPods installation.\nEOM\n    exit 1\nfi\n";
			showEnvVarsInLog = 0;
		};
		3D2C7FBC1377442A0158D531 /* Embed Pods Frameworks */ = {
			isa = PBXShellScriptBuildPhase;
			buildActionMask = 2147483647;
			files = (
			);
			inputPaths = (
			);
			name = "Embed Pods Frameworks";
			outputPaths = (
			);
			runOnlyForDeploymentPostprocessing = 0;
			shellPath = /bin/sh;
			shellScript = "\"${SRCROOT}/Pods/Target Support Files/Pods/Pods-frameworks.sh\"\n";
			showEnvVarsInLog = 0;
		};
		E75AB5F3F575A7EC67CD1289 /* Copy Pods Resources */ = {
			isa = PBXShellScriptBuildPhase;
			buildActionMask = 2147483647;
			files = (
			);
			inputPaths = (
			);
			name = "Copy Pods Resources";
			outputPaths = (
			);
			runOnlyForDeploymentPostprocessing = 0;
			shellPath = /bin/sh;
			shellScript = "\"${SRCROOT}/Pods/Target Support Files/Pods/Pods-resources.sh\"\n";
			showEnvVarsInLog = 0;
		};
/* End PBXShellScriptBuildPhase section */

/* Begin PBXSourcesBuildPhase section */
		4934308F1B28779D0053FF3A /* Sources */ = {
			isa = PBXSourcesBuildPhase;
			buildActionMask = 2147483647;
			files = (
				4934309B1B28779D0053FF3A /* ViewController.swift in Sources */,
				493430991B28779D0053FF3A /* AppDelegate.swift in Sources */,
			);
			runOnlyForDeploymentPostprocessing = 0;
		};
		493430A41B28779D0053FF3A /* Sources */ = {
			isa = PBXSourcesBuildPhase;
			buildActionMask = 2147483647;
			files = (
				493430AF1B28779D0053FF3A /* BookMyMeetingTests.swift in Sources */,
			);
			runOnlyForDeploymentPostprocessing = 0;
		};
/* End PBXSourcesBuildPhase section */

/* Begin PBXTargetDependency section */
		493430AA1B28779D0053FF3A /* PBXTargetDependency */ = {
			isa = PBXTargetDependency;
			target = 493430921B28779D0053FF3A /* BookMyMeeting */;
			targetProxy = 493430A91B28779D0053FF3A /* PBXContainerItemProxy */;
		};
/* End PBXTargetDependency section */

/* Begin PBXVariantGroup section */
		4934309C1B28779D0053FF3A /* Main.storyboard */ = {
			isa = PBXVariantGroup;
			children = (
				4934309D1B28779D0053FF3A /* Base */,
			);
			name = Main.storyboard;
			sourceTree = "<group>";
		};
		493430A11B28779D0053FF3A /* LaunchScreen.xib */ = {
			isa = PBXVariantGroup;
			children = (
				493430A21B28779D0053FF3A /* Base */,
			);
			name = LaunchScreen.xib;
			sourceTree = "<group>";
		};
/* End PBXVariantGroup section */

/* Begin XCBuildConfiguration section */
		493430B01B28779D0053FF3A /* Debug */ = {
			isa = XCBuildConfiguration;
			buildSettings = {
				ALWAYS_SEARCH_USER_PATHS = NO;
				CLANG_CXX_LANGUAGE_STANDARD = "gnu++0x";
				CLANG_CXX_LIBRARY = "libc++";
				CLANG_ENABLE_MODULES = YES;
				CLANG_ENABLE_OBJC_ARC = YES;
				CLANG_WARN_BOOL_CONVERSION = YES;
				CLANG_WARN_CONSTANT_CONVERSION = YES;
				CLANG_WARN_DIRECT_OBJC_ISA_USAGE = YES_ERROR;
				CLANG_WARN_EMPTY_BODY = YES;
				CLANG_WARN_ENUM_CONVERSION = YES;
				CLANG_WARN_INT_CONVERSION = YES;
				CLANG_WARN_OBJC_ROOT_CLASS = YES_ERROR;
				CLANG_WARN_UNREACHABLE_CODE = YES;
				CLANG_WARN__DUPLICATE_METHOD_MATCH = YES;
				"CODE_SIGN_IDENTITY[sdk=iphoneos*]" = "iPhone Developer";
				COPY_PHASE_STRIP = NO;
				DEBUG_INFORMATION_FORMAT = "dwarf-with-dsym";
				ENABLE_STRICT_OBJC_MSGSEND = YES;
				GCC_C_LANGUAGE_STANDARD = gnu99;
				GCC_DYNAMIC_NO_PIC = NO;
				GCC_NO_COMMON_BLOCKS = YES;
				GCC_OPTIMIZATION_LEVEL = 0;
				GCC_PREPROCESSOR_DEFINITIONS = (
					"DEBUG=1",
					"$(inherited)",
				);
				GCC_SYMBOLS_PRIVATE_EXTERN = NO;
				GCC_WARN_64_TO_32_BIT_CONVERSION = YES;
				GCC_WARN_ABOUT_RETURN_TYPE = YES_ERROR;
				GCC_WARN_UNDECLARED_SELECTOR = YES;
				GCC_WARN_UNINITIALIZED_AUTOS = YES_AGGRESSIVE;
				GCC_WARN_UNUSED_FUNCTION = YES;
				GCC_WARN_UNUSED_VARIABLE = YES;
				IPHONEOS_DEPLOYMENT_TARGET = 8.3;
				MTL_ENABLE_DEBUG_INFO = YES;
				ONLY_ACTIVE_ARCH = YES;
				SDKROOT = iphoneos;
				SWIFT_OPTIMIZATION_LEVEL = "-Onone";
			};
			name = Debug;
		};
		493430B11B28779D0053FF3A /* Release */ = {
			isa = XCBuildConfiguration;
			buildSettings = {
				ALWAYS_SEARCH_USER_PATHS = NO;
				CLANG_CXX_LANGUAGE_STANDARD = "gnu++0x";
				CLANG_CXX_LIBRARY = "libc++";
				CLANG_ENABLE_MODULES = YES;
				CLANG_ENABLE_OBJC_ARC = YES;
				CLANG_WARN_BOOL_CONVERSION = YES;
				CLANG_WARN_CONSTANT_CONVERSION = YES;
				CLANG_WARN_DIRECT_OBJC_ISA_USAGE = YES_ERROR;
				CLANG_WARN_EMPTY_BODY = YES;
				CLANG_WARN_ENUM_CONVERSION = YES;
				CLANG_WARN_INT_CONVERSION = YES;
				CLANG_WARN_OBJC_ROOT_CLASS = YES_ERROR;
				CLANG_WARN_UNREACHABLE_CODE = YES;
				CLANG_WARN__DUPLICATE_METHOD_MATCH = YES;
				"CODE_SIGN_IDENTITY[sdk=iphoneos*]" = "iPhone Developer";
				COPY_PHASE_STRIP = NO;
				DEBUG_INFORMATION_FORMAT = "dwarf-with-dsym";
				ENABLE_NS_ASSERTIONS = NO;
				ENABLE_STRICT_OBJC_MSGSEND = YES;
				GCC_C_LANGUAGE_STANDARD = gnu99;
				GCC_NO_COMMON_BLOCKS = YES;
				GCC_WARN_64_TO_32_BIT_CONVERSION = YES;
				GCC_WARN_ABOUT_RETURN_TYPE = YES_ERROR;
				GCC_WARN_UNDECLARED_SELECTOR = YES;
				GCC_WARN_UNINITIALIZED_AUTOS = YES_AGGRESSIVE;
				GCC_WARN_UNUSED_FUNCTION = YES;
				GCC_WARN_UNUSED_VARIABLE = YES;
				IPHONEOS_DEPLOYMENT_TARGET = 8.3;
				MTL_ENABLE_DEBUG_INFO = NO;
				SDKROOT = iphoneos;
				VALIDATE_PRODUCT = YES;
			};
			name = Release;
		};
		493430B31B28779D0053FF3A /* Debug */ = {
			isa = XCBuildConfiguration;
			baseConfigurationReference = E1953DA6A5ACDF8ADD9B1B3B /* Pods.debug.xcconfig */;
			buildSettings = {
				ASSETCATALOG_COMPILER_APPICON_NAME = AppIcon;
				FRAMEWORK_SEARCH_PATHS = (
					"$(inherited)",
					"$(PROJECT_DIR)/build/Debug-iphoneos/Pods",
					"$(PROJECT_DIR)/build/Debug-iphoneos",
				);
				INFOPLIST_FILE = BookMyMeeting/Info.plist;
				LD_RUNPATH_SEARCH_PATHS = "$(inherited) @executable_path/Frameworks";
				PRODUCT_NAME = "$(TARGET_NAME)";
			};
			name = Debug;
		};
		493430B41B28779D0053FF3A /* Release */ = {
			isa = XCBuildConfiguration;
			baseConfigurationReference = 5BA18ECB5884553070CA5BFD /* Pods.release.xcconfig */;
			buildSettings = {
				ASSETCATALOG_COMPILER_APPICON_NAME = AppIcon;
				FRAMEWORK_SEARCH_PATHS = (
					"$(inherited)",
					"$(PROJECT_DIR)/build/Debug-iphoneos/Pods",
					"$(PROJECT_DIR)/build/Debug-iphoneos",
				);
				INFOPLIST_FILE = BookMyMeeting/Info.plist;
				LD_RUNPATH_SEARCH_PATHS = "$(inherited) @executable_path/Frameworks";
				PRODUCT_NAME = "$(TARGET_NAME)";
			};
			name = Release;
		};
		493430B61B28779D0053FF3A /* Debug */ = {
			isa = XCBuildConfiguration;
			buildSettings = {
				BUNDLE_LOADER = "$(TEST_HOST)";
				FRAMEWORK_SEARCH_PATHS = (
					"$(SDKROOT)/Developer/Library/Frameworks",
					"$(inherited)",
				);
				GCC_PREPROCESSOR_DEFINITIONS = (
					"DEBUG=1",
					"$(inherited)",
				);
				INFOPLIST_FILE = BookMyMeetingTests/Info.plist;
				LD_RUNPATH_SEARCH_PATHS = "$(inherited) @executable_path/Frameworks @loader_path/Frameworks";
				PRODUCT_NAME = "$(TARGET_NAME)";
				TEST_HOST = "$(BUILT_PRODUCTS_DIR)/BookMyMeeting.app/BookMyMeeting";
			};
			name = Debug;
		};
		493430B71B28779D0053FF3A /* Release */ = {
			isa = XCBuildConfiguration;
			buildSettings = {
				BUNDLE_LOADER = "$(TEST_HOST)";
				FRAMEWORK_SEARCH_PATHS = (
					"$(SDKROOT)/Developer/Library/Frameworks",
					"$(inherited)",
				);
				INFOPLIST_FILE = BookMyMeetingTests/Info.plist;
				LD_RUNPATH_SEARCH_PATHS = "$(inherited) @executable_path/Frameworks @loader_path/Frameworks";
				PRODUCT_NAME = "$(TARGET_NAME)";
				TEST_HOST = "$(BUILT_PRODUCTS_DIR)/BookMyMeeting.app/BookMyMeeting";
			};
			name = Release;
		};
/* End XCBuildConfiguration section */

/* Begin XCConfigurationList section */
		4934308E1B28779D0053FF3A /* Build configuration list for PBXProject "BookMyMeeting" */ = {
			isa = XCConfigurationList;
			buildConfigurations = (
				493430B01B28779D0053FF3A /* Debug */,
				493430B11B28779D0053FF3A /* Release */,
			);
			defaultConfigurationIsVisible = 0;
			defaultConfigurationName = Release;
		};
		493430B21B28779D0053FF3A /* Build configuration list for PBXNativeTarget "BookMyMeeting" */ = {
			isa = XCConfigurationList;
			buildConfigurations = (
				493430B31B28779D0053FF3A /* Debug */,
				493430B41B28779D0053FF3A /* Release */,
			);
			defaultConfigurationIsVisible = 0;
			defaultConfigurationName = Release;
		};
		493430B51B28779D0053FF3A /* Build configuration list for PBXNativeTarget "BookMyMeetingTests" */ = {
			isa = XCConfigurationList;
			buildConfigurations = (
				493430B61B28779D0053FF3A /* Debug */,
				493430B71B28779D0053FF3A /* Release */,
			);
			defaultConfigurationIsVisible = 0;
			defaultConfigurationName = Release;
		};
/* End XCConfigurationList section */
	};
	rootObject = 4934308B1B28779D0053FF3A /* Project object */;
}
