// !$*UTF8*$!
{
	archiveVersion = 1;
	classes = {
	};
	objectVersion = 46;
	objects = {

/* Begin PBXBuildFile section */
		4901D9DB1B2482AA0063F4E6 /* AppDelegate.swift in Sources */ = {isa = PBXBuildFile; fileRef = 4901D9DA1B2482AA0063F4E6 /* AppDelegate.swift */; };
		4901D9DD1B2482AA0063F4E6 /* ViewController.swift in Sources */ = {isa = PBXBuildFile; fileRef = 4901D9DC1B2482AA0063F4E6 /* ViewController.swift */; };
		4901D9E01B2482AA0063F4E6 /* Main.storyboard in Resources */ = {isa = PBXBuildFile; fileRef = 4901D9DE1B2482AA0063F4E6 /* Main.storyboard */; };
		4901D9E21B2482AA0063F4E6 /* Images.xcassets in Resources */ = {isa = PBXBuildFile; fileRef = 4901D9E11B2482AA0063F4E6 /* Images.xcassets */; };
		4901D9E51B2482AA0063F4E6 /* LaunchScreen.xib in Resources */ = {isa = PBXBuildFile; fileRef = 4901D9E31B2482AA0063F4E6 /* LaunchScreen.xib */; };
		4901D9F11B2482AB0063F4E6 /* BookMyMeetingRoomTests.swift in Sources */ = {isa = PBXBuildFile; fileRef = 4901D9F01B2482AB0063F4E6 /* BookMyMeetingRoomTests.swift */; };
/* End PBXBuildFile section */

/* Begin PBXContainerItemProxy section */
		4901D9EB1B2482AB0063F4E6 /* PBXContainerItemProxy */ = {
			isa = PBXContainerItemProxy;
			containerPortal = 4901D9CD1B2482AA0063F4E6 /* Project object */;
			proxyType = 1;
			remoteGlobalIDString = 4901D9D41B2482AA0063F4E6;
			remoteInfo = BookMyMeetingRoom;
		};
/* End PBXContainerItemProxy section */

/* Begin PBXFileReference section */
		4901D9D51B2482AA0063F4E6 /* BookMyMeetingRoom.app */ = {isa = PBXFileReference; explicitFileType = wrapper.application; includeInIndex = 0; path = BookMyMeetingRoom.app; sourceTree = BUILT_PRODUCTS_DIR; };
		4901D9D91B2482AA0063F4E6 /* Info.plist */ = {isa = PBXFileReference; lastKnownFileType = text.plist.xml; path = Info.plist; sourceTree = "<group>"; };
		4901D9DA1B2482AA0063F4E6 /* AppDelegate.swift */ = {isa = PBXFileReference; lastKnownFileType = sourcecode.swift; path = AppDelegate.swift; sourceTree = "<group>"; };
		4901D9DC1B2482AA0063F4E6 /* ViewController.swift */ = {isa = PBXFileReference; lastKnownFileType = sourcecode.swift; path = ViewController.swift; sourceTree = "<group>"; };
		4901D9DF1B2482AA0063F4E6 /* Base */ = {isa = PBXFileReference; lastKnownFileType = file.storyboard; name = Base; path = Base.lproj/Main.storyboard; sourceTree = "<group>"; };
		4901D9E11B2482AA0063F4E6 /* Images.xcassets */ = {isa = PBXFileReference; lastKnownFileType = folder.assetcatalog; path = Images.xcassets; sourceTree = "<group>"; };
		4901D9E41B2482AA0063F4E6 /* Base */ = {isa = PBXFileReference; lastKnownFileType = file.xib; name = Base; path = Base.lproj/LaunchScreen.xib; sourceTree = "<group>"; };
		4901D9EA1B2482AB0063F4E6 /* BookMyMeetingRoomTests.xctest */ = {isa = PBXFileReference; explicitFileType = wrapper.cfbundle; includeInIndex = 0; path = BookMyMeetingRoomTests.xctest; sourceTree = BUILT_PRODUCTS_DIR; };
		4901D9EF1B2482AB0063F4E6 /* Info.plist */ = {isa = PBXFileReference; lastKnownFileType = text.plist.xml; path = Info.plist; sourceTree = "<group>"; };
		4901D9F01B2482AB0063F4E6 /* BookMyMeetingRoomTests.swift */ = {isa = PBXFileReference; lastKnownFileType = sourcecode.swift; path = BookMyMeetingRoomTests.swift; sourceTree = "<group>"; };
/* End PBXFileReference section */

/* Begin PBXFrameworksBuildPhase section */
		4901D9D21B2482AA0063F4E6 /* Frameworks */ = {
			isa = PBXFrameworksBuildPhase;
			buildActionMask = 2147483647;
			files = (
			);
			runOnlyForDeploymentPostprocessing = 0;
		};
		4901D9E71B2482AB0063F4E6 /* Frameworks */ = {
			isa = PBXFrameworksBuildPhase;
			buildActionMask = 2147483647;
			files = (
			);
			runOnlyForDeploymentPostprocessing = 0;
		};
/* End PBXFrameworksBuildPhase section */

/* Begin PBXGroup section */
		4901D9CC1B2482AA0063F4E6 = {
			isa = PBXGroup;
			children = (
				4901D9D71B2482AA0063F4E6 /* BookMyMeetingRoom */,
				4901D9ED1B2482AB0063F4E6 /* BookMyMeetingRoomTests */,
				4901D9D61B2482AA0063F4E6 /* Products */,
			);
			sourceTree = "<group>";
		};
		4901D9D61B2482AA0063F4E6 /* Products */ = {
			isa = PBXGroup;
			children = (
				4901D9D51B2482AA0063F4E6 /* BookMyMeetingRoom.app */,
				4901D9EA1B2482AB0063F4E6 /* BookMyMeetingRoomTests.xctest */,
			);
			name = Products;
			sourceTree = "<group>";
		};
		4901D9D71B2482AA0063F4E6 /* BookMyMeetingRoom */ = {
			isa = PBXGroup;
			children = (
				4901D9DA1B2482AA0063F4E6 /* AppDelegate.swift */,
				4901D9DC1B2482AA0063F4E6 /* ViewController.swift */,
				4901D9DE1B2482AA0063F4E6 /* Main.storyboard */,
				4901D9E11B2482AA0063F4E6 /* Images.xcassets */,
				4901D9E31B2482AA0063F4E6 /* LaunchScreen.xib */,
				4901D9D81B2482AA0063F4E6 /* Supporting Files */,
			);
			path = BookMyMeetingRoom;
			sourceTree = "<group>";
		};
		4901D9D81B2482AA0063F4E6 /* Supporting Files */ = {
			isa = PBXGroup;
			children = (
				4901D9D91B2482AA0063F4E6 /* Info.plist */,
			);
			name = "Supporting Files";
			sourceTree = "<group>";
		};
		4901D9ED1B2482AB0063F4E6 /* BookMyMeetingRoomTests */ = {
			isa = PBXGroup;
			children = (
				4901D9F01B2482AB0063F4E6 /* BookMyMeetingRoomTests.swift */,
				4901D9EE1B2482AB0063F4E6 /* Supporting Files */,
			);
			path = BookMyMeetingRoomTests;
			sourceTree = "<group>";
		};
		4901D9EE1B2482AB0063F4E6 /* Supporting Files */ = {
			isa = PBXGroup;
			children = (
				4901D9EF1B2482AB0063F4E6 /* Info.plist */,
			);
			name = "Supporting Files";
			sourceTree = "<group>";
		};
/* End PBXGroup section */

/* Begin PBXNativeTarget section */
		4901D9D41B2482AA0063F4E6 /* BookMyMeetingRoom */ = {
			isa = PBXNativeTarget;
			buildConfigurationList = 4901D9F41B2482AB0063F4E6 /* Build configuration list for PBXNativeTarget "BookMyMeetingRoom" */;
			buildPhases = (
				4901D9D11B2482AA0063F4E6 /* Sources */,
				4901D9D21B2482AA0063F4E6 /* Frameworks */,
				4901D9D31B2482AA0063F4E6 /* Resources */,
			);
			buildRules = (
			);
			dependencies = (
			);
			name = BookMyMeetingRoom;
			productName = BookMyMeetingRoom;
			productReference = 4901D9D51B2482AA0063F4E6 /* BookMyMeetingRoom.app */;
			productType = "com.apple.product-type.application";
		};
		4901D9E91B2482AB0063F4E6 /* BookMyMeetingRoomTests */ = {
			isa = PBXNativeTarget;
			buildConfigurationList = 4901D9F71B2482AB0063F4E6 /* Build configuration list for PBXNativeTarget "BookMyMeetingRoomTests" */;
			buildPhases = (
				4901D9E61B2482AB0063F4E6 /* Sources */,
				4901D9E71B2482AB0063F4E6 /* Frameworks */,
				4901D9E81B2482AB0063F4E6 /* Resources */,
			);
			buildRules = (
			);
			dependencies = (
				4901D9EC1B2482AB0063F4E6 /* PBXTargetDependency */,
			);
			name = BookMyMeetingRoomTests;
			productName = BookMyMeetingRoomTests;
			productReference = 4901D9EA1B2482AB0063F4E6 /* BookMyMeetingRoomTests.xctest */;
			productType = "com.apple.product-type.bundle.unit-test";
		};
/* End PBXNativeTarget section */

/* Begin PBXProject section */
		4901D9CD1B2482AA0063F4E6 /* Project object */ = {
			isa = PBXProject;
			attributes = {
				LastUpgradeCheck = 0630;
				ORGANIZATIONNAME = leiyu;
				TargetAttributes = {
					4901D9D41B2482AA0063F4E6 = {
						CreatedOnToolsVersion = 6.3.2;
					};
					4901D9E91B2482AB0063F4E6 = {
						CreatedOnToolsVersion = 6.3.2;
						TestTargetID = 4901D9D41B2482AA0063F4E6;
					};
				};
			};
			buildConfigurationList = 4901D9D01B2482AA0063F4E6 /* Build configuration list for PBXProject "BookMyMeetingRoom" */;
			compatibilityVersion = "Xcode 3.2";
			developmentRegion = English;
			hasScannedForEncodings = 0;
			knownRegions = (
				en,
				Base,
			);
			mainGroup = 4901D9CC1B2482AA0063F4E6;
			productRefGroup = 4901D9D61B2482AA0063F4E6 /* Products */;
			projectDirPath = "";
			projectRoot = "";
			targets = (
				4901D9D41B2482AA0063F4E6 /* BookMyMeetingRoom */,
				4901D9E91B2482AB0063F4E6 /* BookMyMeetingRoomTests */,
			);
		};
/* End PBXProject section */

/* Begin PBXResourcesBuildPhase section */
		4901D9D31B2482AA0063F4E6 /* Resources */ = {
			isa = PBXResourcesBuildPhase;
			buildActionMask = 2147483647;
			files = (
				4901D9E01B2482AA0063F4E6 /* Main.storyboard in Resources */,
				4901D9E51B2482AA0063F4E6 /* LaunchScreen.xib in Resources */,
				4901D9E21B2482AA0063F4E6 /* Images.xcassets in Resources */,
			);
			runOnlyForDeploymentPostprocessing = 0;
		};
		4901D9E81B2482AB0063F4E6 /* Resources */ = {
			isa = PBXResourcesBuildPhase;
			buildActionMask = 2147483647;
			files = (
			);
			runOnlyForDeploymentPostprocessing = 0;
		};
/* End PBXResourcesBuildPhase section */

/* Begin PBXSourcesBuildPhase section */
		4901D9D11B2482AA0063F4E6 /* Sources */ = {
			isa = PBXSourcesBuildPhase;
			buildActionMask = 2147483647;
			files = (
				4901D9DD1B2482AA0063F4E6 /* ViewController.swift in Sources */,
				4901D9DB1B2482AA0063F4E6 /* AppDelegate.swift in Sources */,
			);
			runOnlyForDeploymentPostprocessing = 0;
		};
		4901D9E61B2482AB0063F4E6 /* Sources */ = {
			isa = PBXSourcesBuildPhase;
			buildActionMask = 2147483647;
			files = (
				4901D9F11B2482AB0063F4E6 /* BookMyMeetingRoomTests.swift in Sources */,
			);
			runOnlyForDeploymentPostprocessing = 0;
		};
/* End PBXSourcesBuildPhase section */

/* Begin PBXTargetDependency section */
		4901D9EC1B2482AB0063F4E6 /* PBXTargetDependency */ = {
			isa = PBXTargetDependency;
			target = 4901D9D41B2482AA0063F4E6 /* BookMyMeetingRoom */;
			targetProxy = 4901D9EB1B2482AB0063F4E6 /* PBXContainerItemProxy */;
		};
/* End PBXTargetDependency section */

/* Begin PBXVariantGroup section */
		4901D9DE1B2482AA0063F4E6 /* Main.storyboard */ = {
			isa = PBXVariantGroup;
			children = (
				4901D9DF1B2482AA0063F4E6 /* Base */,
			);
			name = Main.storyboard;
			sourceTree = "<group>";
		};
		4901D9E31B2482AA0063F4E6 /* LaunchScreen.xib */ = {
			isa = PBXVariantGroup;
			children = (
				4901D9E41B2482AA0063F4E6 /* Base */,
			);
			name = LaunchScreen.xib;
			sourceTree = "<group>";
		};
/* End PBXVariantGroup section */

/* Begin XCBuildConfiguration section */
		4901D9F21B2482AB0063F4E6 /* Debug */ = {
			isa = XCBuildConfiguration;
			buildSettings = {
				ALWAYS_SEARCH_USER_PATHS = NO;
				CLANG_CXX_LANGUAGE_STANDARD = "gnu++0x";
				CLANG_CXX_LIBRARY = "libc++";
				CLANG_ENABLE_MODULES = YES;
				CLANG_ENABLE_OBJC_ARC = YES;
				CLANG_WARN_BOOL_CONVERSION = YES;
				CLANG_WARN_CONSTANT_CONVERSION = YES;
				CLANG_WARN_DIRECT_OBJC_ISA_USAGE = YES_ERROR;
				CLANG_WARN_EMPTY_BODY = YES;
				CLANG_WARN_ENUM_CONVERSION = YES;
				CLANG_WARN_INT_CONVERSION = YES;
				CLANG_WARN_OBJC_ROOT_CLASS = YES_ERROR;
				CLANG_WARN_UNREACHABLE_CODE = YES;
				CLANG_WARN__DUPLICATE_METHOD_MATCH = YES;
				"CODE_SIGN_IDENTITY[sdk=iphoneos*]" = "iPhone Developer";
				COPY_PHASE_STRIP = NO;
				DEBUG_INFORMATION_FORMAT = "dwarf-with-dsym";
				ENABLE_STRICT_OBJC_MSGSEND = YES;
				GCC_C_LANGUAGE_STANDARD = gnu99;
				GCC_DYNAMIC_NO_PIC = NO;
				GCC_NO_COMMON_BLOCKS = YES;
				GCC_OPTIMIZATION_LEVEL = 0;
				GCC_PREPROCESSOR_DEFINITIONS = (
					"DEBUG=1",
					"$(inherited)",
				);
				GCC_SYMBOLS_PRIVATE_EXTERN = NO;
				GCC_WARN_64_TO_32_BIT_CONVERSION = YES;
				GCC_WARN_ABOUT_RETURN_TYPE = YES_ERROR;
				GCC_WARN_UNDECLARED_SELECTOR = YES;
				GCC_WARN_UNINITIALIZED_AUTOS = YES_AGGRESSIVE;
				GCC_WARN_UNUSED_FUNCTION = YES;
				GCC_WARN_UNUSED_VARIABLE = YES;
				IPHONEOS_DEPLOYMENT_TARGET = 8.3;
				MTL_ENABLE_DEBUG_INFO = YES;
				ONLY_ACTIVE_ARCH = YES;
				SDKROOT = iphoneos;
				SWIFT_OPTIMIZATION_LEVEL = "-Onone";
			};
			name = Debug;
		};
		4901D9F31B2482AB0063F4E6 /* Release */ = {
			isa = XCBuildConfiguration;
			buildSettings = {
				ALWAYS_SEARCH_USER_PATHS = NO;
				CLANG_CXX_LANGUAGE_STANDARD = "gnu++0x";
				CLANG_CXX_LIBRARY = "libc++";
				CLANG_ENABLE_MODULES = YES;
				CLANG_ENABLE_OBJC_ARC = YES;
				CLANG_WARN_BOOL_CONVERSION = YES;
				CLANG_WARN_CONSTANT_CONVERSION = YES;
				CLANG_WARN_DIRECT_OBJC_ISA_USAGE = YES_ERROR;
				CLANG_WARN_EMPTY_BODY = YES;
				CLANG_WARN_ENUM_CONVERSION = YES;
				CLANG_WARN_INT_CONVERSION = YES;
				CLANG_WARN_OBJC_ROOT_CLASS = YES_ERROR;
				CLANG_WARN_UNREACHABLE_CODE = YES;
				CLANG_WARN__DUPLICATE_METHOD_MATCH = YES;
				"CODE_SIGN_IDENTITY[sdk=iphoneos*]" = "iPhone Developer";
				COPY_PHASE_STRIP = NO;
				DEBUG_INFORMATION_FORMAT = "dwarf-with-dsym";
				ENABLE_NS_ASSERTIONS = NO;
				ENABLE_STRICT_OBJC_MSGSEND = YES;
				GCC_C_LANGUAGE_STANDARD = gnu99;
				GCC_NO_COMMON_BLOCKS = YES;
				GCC_WARN_64_TO_32_BIT_CONVERSION = YES;
				GCC_WARN_ABOUT_RETURN_TYPE = YES_ERROR;
				GCC_WARN_UNDECLARED_SELECTOR = YES;
				GCC_WARN_UNINITIALIZED_AUTOS = YES_AGGRESSIVE;
				GCC_WARN_UNUSED_FUNCTION = YES;
				GCC_WARN_UNUSED_VARIABLE = YES;
				IPHONEOS_DEPLOYMENT_TARGET = 8.3;
				MTL_ENABLE_DEBUG_INFO = NO;
				SDKROOT = iphoneos;
				VALIDATE_PRODUCT = YES;
			};
			name = Release;
		};
		4901D9F51B2482AB0063F4E6 /* Debug */ = {
			isa = XCBuildConfiguration;
			buildSettings = {
				ASSETCATALOG_COMPILER_APPICON_NAME = AppIcon;
				INFOPLIST_FILE = BookMyMeetingRoom/Info.plist;
				LD_RUNPATH_SEARCH_PATHS = "$(inherited) @executable_path/Frameworks";
				PRODUCT_NAME = "$(TARGET_NAME)";
			};
			name = Debug;
		};
		4901D9F61B2482AB0063F4E6 /* Release */ = {
			isa = XCBuildConfiguration;
			buildSettings = {
				ASSETCATALOG_COMPILER_APPICON_NAME = AppIcon;
				INFOPLIST_FILE = BookMyMeetingRoom/Info.plist;
				LD_RUNPATH_SEARCH_PATHS = "$(inherited) @executable_path/Frameworks";
				PRODUCT_NAME = "$(TARGET_NAME)";
			};
			name = Release;
		};
		4901D9F81B2482AB0063F4E6 /* Debug */ = {
			isa = XCBuildConfiguration;
			buildSettings = {
				BUNDLE_LOADER = "$(TEST_HOST)";
				FRAMEWORK_SEARCH_PATHS = (
					"$(SDKROOT)/Developer/Library/Frameworks",
					"$(inherited)",
				);
				GCC_PREPROCESSOR_DEFINITIONS = (
					"DEBUG=1",
					"$(inherited)",
				);
				INFOPLIST_FILE = BookMyMeetingRoomTests/Info.plist;
				LD_RUNPATH_SEARCH_PATHS = "$(inherited) @executable_path/Frameworks @loader_path/Frameworks";
				PRODUCT_NAME = "$(TARGET_NAME)";
				TEST_HOST = "$(BUILT_PRODUCTS_DIR)/BookMyMeetingRoom.app/BookMyMeetingRoom";
			};
			name = Debug;
		};
		4901D9F91B2482AB0063F4E6 /* Release */ = {
			isa = XCBuildConfiguration;
			buildSettings = {
				BUNDLE_LOADER = "$(TEST_HOST)";
				FRAMEWORK_SEARCH_PATHS = (
					"$(SDKROOT)/Developer/Library/Frameworks",
					"$(inherited)",
				);
				INFOPLIST_FILE = BookMyMeetingRoomTests/Info.plist;
				LD_RUNPATH_SEARCH_PATHS = "$(inherited) @executable_path/Frameworks @loader_path/Frameworks";
				PRODUCT_NAME = "$(TARGET_NAME)";
				TEST_HOST = "$(BUILT_PRODUCTS_DIR)/BookMyMeetingRoom.app/BookMyMeetingRoom";
			};
			name = Release;
		};
/* End XCBuildConfiguration section */

/* Begin XCConfigurationList section */
		4901D9D01B2482AA0063F4E6 /* Build configuration list for PBXProject "BookMyMeetingRoom" */ = {
			isa = XCConfigurationList;
			buildConfigurations = (
				4901D9F21B2482AB0063F4E6 /* Debug */,
				4901D9F31B2482AB0063F4E6 /* Release */,
			);
			defaultConfigurationIsVisible = 0;
			defaultConfigurationName = Release;
		};
		4901D9F41B2482AB0063F4E6 /* Build configuration list for PBXNativeTarget "BookMyMeetingRoom" */ = {
			isa = XCConfigurationList;
			buildConfigurations = (
				4901D9F51B2482AB0063F4E6 /* Debug */,
				4901D9F61B2482AB0063F4E6 /* Release */,
			);
			defaultConfigurationIsVisible = 0;
		};
		4901D9F71B2482AB0063F4E6 /* Build configuration list for PBXNativeTarget "BookMyMeetingRoomTests" */ = {
			isa = XCConfigurationList;
			buildConfigurations = (
				4901D9F81B2482AB0063F4E6 /* Debug */,
				4901D9F91B2482AB0063F4E6 /* Release */,
			);
			defaultConfigurationIsVisible = 0;
		};
/* End XCConfigurationList section */
	};
	rootObject = 4901D9CD1B2482AA0063F4E6 /* Project object */;
}
